
Microsoft Visual Studio Solution File, Format Version 12.00
# Visual Studio 2013
VisualStudioVersion = 12.0.31101.0
MinimumVisualStudioVersion = 10.0.40219.1
Project("{2150E333-8FDC-42A3-9474-1A3956D46DE8}") = "01UI", "01UI", "{22A145EC-E3C4-4954-A686-E781C612113C}"
EndProject
Project("{2150E333-8FDC-42A3-9474-1A3956D46DE8}") = "02Service", "02Service", "{B82D7CB9-503B-4E17-AB7C-145AF0D9AF48}"
EndProject
Project("{2150E333-8FDC-42A3-9474-1A3956D46DE8}") = "03Repository", "03Repository", "{D30EA972-E87A-463A-AAC3-F63E5530D465}"
EndProject
Project("{2150E333-8FDC-42A3-9474-1A3956D46DE8}") = "04Common", "04Common", "{15EB818F-FD56-479A-9554-FC4EBAA55492}"
EndProject
Project("{FAE04EC0-301F-11D3-BF4B-00C04F79EFBC}") = "MVCOA", "MVCOA\MVCOA.csproj", "{DE2EA928-F93A-4ED9-97F1-4C591035C81A}"
EndProject
Project("{FAE04EC0-301F-11D3-BF4B-00C04F79EFBC}") = "MVCOA.Logic", "MVCOA.Logic\MVCOA.Logic.csproj", "{3B0BE5FC-DFF9-4D59-9328-102685BAC24F}"
EndProject
Project("{FAE04EC0-301F-11D3-BF4B-00C04F79EFBC}") = "IBLL", "IBLL\IBLL.csproj", "{B1B702DE-923D-4186-B688-7F09F42C636B}"
EndProject
Project("{FAE04EC0-301F-11D3-BF4B-00C04F79EFBC}") = "BLLA", "BLLA\BLLA.csproj", "{41BB619D-3A5B-4EE6-9131-CE280E0107FD}"
EndProject
Project("{FAE04EC0-301F-11D3-BF4B-00C04F79EFBC}") = "BLLB", "BLLB\BLLB.csproj", "{A9441C9E-1FBD-42E7-971C-D8701AB76346}"
EndProject
Project("{FAE04EC0-301F-11D3-BF4B-00C04F79EFBC}") = "IDAL", "IDAL\IDAL.csproj", "{B29C5AF8-513F-4DD2-A390-7454508CA90A}"
EndProject
Project("{FAE04EC0-301F-11D3-BF4B-00C04F79EFBC}") = "DALMSSQL", "DALMSSQL\DALMSSQL.csproj", "{64C76FB9-87D2-44AF-8748-AB4DC8BAC715}"
EndProject
Project("{FAE04EC0-301F-11D3-BF4B-00C04F79EFBC}") = "MODEL", "MODEL\MODEL.csproj", "{36B00C5E-B991-4F06-8733-7BF1121E8D3B}"
EndProject
Project("{FAE04EC0-301F-11D3-BF4B-00C04F79EFBC}") = "DI", "DI\DI.csproj", "{851D91C7-3BBC-41C0-A75C-E47E2A7181AD}"
EndProject
Project("{FAE04EC0-301F-11D3-BF4B-00C04F79EFBC}") = "Common", "Common\Common.csproj", "{E8FFB249-8389-491A-9A4B-6ADA3756B44C}"
EndProject
Global
	GlobalSection(SolutionConfigurationPlatforms) = preSolution
		Debug|Any CPU = Debug|Any CPU
		Release|Any CPU = Release|Any CPU
	EndGlobalSection
	GlobalSection(ProjectConfigurationPlatforms) = postSolution
		{DE2EA928-F93A-4ED9-97F1-4C591035C81A}.Debug|Any CPU.ActiveCfg = Debug|Any CPU
		{DE2EA928-F93A-4ED9-97F1-4C591035C81A}.Debug|Any CPU.Build.0 = Debug|Any CPU
		{DE2EA928-F93A-4ED9-97F1-4C591035C81A}.Release|Any CPU.ActiveCfg = Release|Any CPU
		{DE2EA928-F93A-4ED9-97F1-4C591035C81A}.Release|Any CPU.Build.0 = Release|Any CPU
		{3B0BE5FC-DFF9-4D59-9328-102685BAC24F}.Debug|Any CPU.ActiveCfg = Debug|Any CPU
		{3B0BE5FC-DFF9-4D59-9328-102685BAC24F}.Debug|Any CPU.Build.0 = Debug|Any CPU
		{3B0BE5FC-DFF9-4D59-9328-102685BAC24F}.Release|Any CPU.ActiveCfg = Release|Any CPU
		{3B0BE5FC-DFF9-4D59-9328-102685BAC24F}.Release|Any CPU.Build.0 = Release|Any CPU
		{B1B702DE-923D-4186-B688-7F09F42C636B}.Debug|Any CPU.ActiveCfg = Debug|Any CPU
		{B1B702DE-923D-4186-B688-7F09F42C636B}.Debug|Any CPU.Build.0 = Debug|Any CPU
		{B1B702DE-923D-4186-B688-7F09F42C636B}.Release|Any CPU.ActiveCfg = Release|Any CPU
		{B1B702DE-923D-4186-B688-7F09F42C636B}.Release|Any CPU.Build.0 = Release|Any CPU
		{41BB619D-3A5B-4EE6-9131-CE280E0107FD}.Debug|Any CPU.ActiveCfg = Debug|Any CPU
		{41BB619D-3A5B-4EE6-9131-CE280E0107FD}.Debug|Any CPU.Build.0 = Debug|Any CPU
		{41BB619D-3A5B-4EE6-9131-CE280E0107FD}.Release|Any CPU.ActiveCfg = Release|Any CPU
		{41BB619D-3A5B-4EE6-9131-CE280E0107FD}.Release|Any CPU.Build.0 = Release|Any CPU
		{A9441C9E-1FBD-42E7-971C-D8701AB76346}.Debug|Any CPU.ActiveCfg = Debug|Any CPU
		{A9441C9E-1FBD-42E7-971C-D8701AB76346}.Debug|Any CPU.Build.0 = Debug|Any CPU
		{A9441C9E-1FBD-42E7-971C-D8701AB76346}.Release|Any CPU.ActiveCfg = Release|Any CPU
		{A9441C9E-1FBD-42E7-971C-D8701AB76346}.Release|Any CPU.Build.0 = Release|Any CPU
		{B29C5AF8-513F-4DD2-A390-7454508CA90A}.Debug|Any CPU.ActiveCfg = Debug|Any CPU
		{B29C5AF8-513F-4DD2-A390-7454508CA90A}.Debug|Any CPU.Build.0 = Debug|Any CPU
		{B29C5AF8-513F-4DD2-A390-7454508CA90A}.Release|Any CPU.ActiveCfg = Release|Any CPU
		{B29C5AF8-513F-4DD2-A390-7454508CA90A}.Release|Any CPU.Build.0 = Release|Any CPU
		{64C76FB9-87D2-44AF-8748-AB4DC8BAC715}.Debug|Any CPU.ActiveCfg = Debug|Any CPU
		{64C76FB9-87D2-44AF-8748-AB4DC8BAC715}.Debug|Any CPU.Build.0 = Debug|Any CPU
		{64C76FB9-87D2-44AF-8748-AB4DC8BAC715}.Release|Any CPU.ActiveCfg = Release|Any CPU
		{64C76FB9-87D2-44AF-8748-AB4DC8BAC715}.Release|Any CPU.Build.0 = Release|Any CPU
		{36B00C5E-B991-4F06-8733-7BF1121E8D3B}.Debug|Any CPU.ActiveCfg = Debug|Any CPU
		{36B00C5E-B991-4F06-8733-7BF1121E8D3B}.Debug|Any CPU.Build.0 = Debug|Any CPU
		{36B00C5E-B991-4F06-8733-7BF1121E8D3B}.Release|Any CPU.ActiveCfg = Release|Any CPU
		{36B00C5E-B991-4F06-8733-7BF1121E8D3B}.Release|Any CPU.Build.0 = Release|Any CPU
		{851D91C7-3BBC-41C0-A75C-E47E2A7181AD}.Debug|Any CPU.ActiveCfg = Debug|Any CPU
		{851D91C7-3BBC-41C0-A75C-E47E2A7181AD}.Debug|Any CPU.Build.0 = Debug|Any CPU
		{851D91C7-3BBC-41C0-A75C-E47E2A7181AD}.Release|Any CPU.ActiveCfg = Release|Any CPU
		{851D91C7-3BBC-41C0-A75C-E47E2A7181AD}.Release|Any CPU.Build.0 = Release|Any CPU
		{E8FFB249-8389-491A-9A4B-6ADA3756B44C}.Debug|Any CPU.ActiveCfg = Debug|Any CPU
		{E8FFB249-8389-491A-9A4B-6ADA3756B44C}.Debug|Any CPU.Build.0 = Debug|Any CPU
		{E8FFB249-8389-491A-9A4B-6ADA3756B44C}.Release|Any CPU.ActiveCfg = Release|Any CPU
		{E8FFB249-8389-491A-9A4B-6ADA3756B44C}.Release|Any CPU.Build.0 = Release|Any CPU
	EndGlobalSection
	GlobalSection(SolutionProperties) = preSolution
		HideSolutionNode = FALSE
	EndGlobalSection
	GlobalSection(NestedProjects) = preSolution
		{DE2EA928-F93A-4ED9-97F1-4C591035C81A} = {22A145EC-E3C4-4954-A686-E781C612113C}
		{3B0BE5FC-DFF9-4D59-9328-102685BAC24F} = {22A145EC-E3C4-4954-A686-E781C612113C}
		{B1B702DE-923D-4186-B688-7F09F42C636B} = {B82D7CB9-503B-4E17-AB7C-145AF0D9AF48}
		{41BB619D-3A5B-4EE6-9131-CE280E0107FD} = {B82D7CB9-503B-4E17-AB7C-145AF0D9AF48}
		{A9441C9E-1FBD-42E7-971C-D8701AB76346} = {B82D7CB9-503B-4E17-AB7C-145AF0D9AF48}
		{B29C5AF8-513F-4DD2-A390-7454508CA90A} = {D30EA972-E87A-463A-AAC3-F63E5530D465}
		{64C76FB9-87D2-44AF-8748-AB4DC8BAC715} = {D30EA972-E87A-463A-AAC3-F63E5530D465}
		{36B00C5E-B991-4F06-8733-7BF1121E8D3B} = {15EB818F-FD56-479A-9554-FC4EBAA55492}
		{851D91C7-3BBC-41C0-A75C-E47E2A7181AD} = {15EB818F-FD56-479A-9554-FC4EBAA55492}
		{E8FFB249-8389-491A-9A4B-6ADA3756B44C} = {15EB818F-FD56-479A-9554-FC4EBAA55492}
	EndGlobalSection
EndGlobal
